
Microsoft Visual Studio Solution File, Format Version 12.00
Project("{FAE04EC0-301F-11D3-BF4B-00C04F79EFBC}") = "Galileu.API", "Galileu.API\Galileu.API.csproj", "{E8156843-4ABD-4AF4-B733-67AC2C315AFA}"
EndProject
Project("{FAE04EC0-301F-11D3-BF4B-00C04F79EFBC}") = "Galileu.Contracts", "Galileu.Contracts\Galileu.Contracts.csproj", "{DC37672E-8381-44B3-8833-EED7C5C19343}"
EndProject
Project("{FAE04EC0-301F-11D3-BF4B-00C04F79EFBC}") = "Galileu.Controller", "Galileu.Controller\Galileu.Controller.csproj", "{ADC86950-9C9D-49AC-ACE5-57EEE3226BBE}"
EndProject
Project("{FAE04EC0-301F-11D3-BF4B-00C04F79EFBC}") = "Galileu.Domain", "Galileu.Domain\Galileu.Domain.csproj", "{D0EACA23-9C79-43BC-9481-9EAE851DA69F}"
EndProject
Project("{FAE04EC0-301F-11D3-BF4B-00C04F79EFBC}") = "Galileu.Network", "Galileu.Network\Galileu.Network.csproj", "{72BFB8E2-BC77-42C1-9B8C-66B77A382BD6}"
EndProject
Project("{FAE04EC0-301F-11D3-BF4B-00C04F79EFBC}") = "Galileu.ModelBase", "Galileu.ModelBase\Galileu.ModelBase.csproj", "{E8442F82-CE86-4AD2-B34E-0CD64B7329BB}"
EndProject
Project("{FAE04EC0-301F-11D3-BF4B-00C04F79EFBC}") = "Galileu.Core", "Galileu.Core\Galileu.Core.csproj", "{C1CBFBE0-5498-4F59-9354-3983652D356F}"
EndProject
Project("{FAE04EC0-301F-11D3-BF4B-00C04F79EFBC}") = "Galileu.Brain", "Galileu.Brain\Galileu.Brain.csproj", "{C9933CAA-ABDE-484B-86F7-A91427983BA0}"
EndProject
Project("{FAE04EC0-301F-11D3-BF4B-00C04F79EFBC}") = "Galileu.Services", "Galileu.Services\Galileu.Services.csproj", "{88031F07-39C0-4326-BC05-EC727ED55F5C}"
EndProject
Project("{FAE04EC0-301F-11D3-BF4B-00C04F79EFBC}") = "Galileu.Models", "Galileu.Models\Galileu.Models.csproj", "{8143B246-4383-4F27-8862-AB72989BB9EF}"
EndProject
Global
	GlobalSection(SolutionConfigurationPlatforms) = preSolution
		Debug|Any CPU = Debug|Any CPU
		Release|Any CPU = Release|Any CPU
	EndGlobalSection
	GlobalSection(ProjectConfigurationPlatforms) = postSolution
		{E8156843-4ABD-4AF4-B733-67AC2C315AFA}.Debug|Any CPU.ActiveCfg = Debug|Any CPU
		{E8156843-4ABD-4AF4-B733-67AC2C315AFA}.Debug|Any CPU.Build.0 = Debug|Any CPU
		{E8156843-4ABD-4AF4-B733-67AC2C315AFA}.Release|Any CPU.ActiveCfg = Release|Any CPU
		{E8156843-4ABD-4AF4-B733-67AC2C315AFA}.Release|Any CPU.Build.0 = Release|Any CPU
		{DC37672E-8381-44B3-8833-EED7C5C19343}.Debug|Any CPU.ActiveCfg = Debug|Any CPU
		{DC37672E-8381-44B3-8833-EED7C5C19343}.Debug|Any CPU.Build.0 = Debug|Any CPU
		{DC37672E-8381-44B3-8833-EED7C5C19343}.Release|Any CPU.ActiveCfg = Release|Any CPU
		{DC37672E-8381-44B3-8833-EED7C5C19343}.Release|Any CPU.Build.0 = Release|Any CPU
		{ADC86950-9C9D-49AC-ACE5-57EEE3226BBE}.Debug|Any CPU.ActiveCfg = Debug|Any CPU
		{ADC86950-9C9D-49AC-ACE5-57EEE3226BBE}.Debug|Any CPU.Build.0 = Debug|Any CPU
		{ADC86950-9C9D-49AC-ACE5-57EEE3226BBE}.Release|Any CPU.ActiveCfg = Release|Any CPU
		{ADC86950-9C9D-49AC-ACE5-57EEE3226BBE}.Release|Any CPU.Build.0 = Release|Any CPU
		{D0EACA23-9C79-43BC-9481-9EAE851DA69F}.Debug|Any CPU.ActiveCfg = Debug|Any CPU
		{D0EACA23-9C79-43BC-9481-9EAE851DA69F}.Debug|Any CPU.Build.0 = Debug|Any CPU
		{D0EACA23-9C79-43BC-9481-9EAE851DA69F}.Release|Any CPU.ActiveCfg = Release|Any CPU
		{D0EACA23-9C79-43BC-9481-9EAE851DA69F}.Release|Any CPU.Build.0 = Release|Any CPU
		{72BFB8E2-BC77-42C1-9B8C-66B77A382BD6}.Debug|Any CPU.ActiveCfg = Debug|Any CPU
		{72BFB8E2-BC77-42C1-9B8C-66B77A382BD6}.Debug|Any CPU.Build.0 = Debug|Any CPU
		{72BFB8E2-BC77-42C1-9B8C-66B77A382BD6}.Release|Any CPU.ActiveCfg = Release|Any CPU
		{72BFB8E2-BC77-42C1-9B8C-66B77A382BD6}.Release|Any CPU.Build.0 = Release|Any CPU
		{E8442F82-CE86-4AD2-B34E-0CD64B7329BB}.Debug|Any CPU.ActiveCfg = Debug|Any CPU
		{E8442F82-CE86-4AD2-B34E-0CD64B7329BB}.Debug|Any CPU.Build.0 = Debug|Any CPU
		{E8442F82-CE86-4AD2-B34E-0CD64B7329BB}.Release|Any CPU.ActiveCfg = Release|Any CPU
		{E8442F82-CE86-4AD2-B34E-0CD64B7329BB}.Release|Any CPU.Build.0 = Release|Any CPU
		{C1CBFBE0-5498-4F59-9354-3983652D356F}.Debug|Any CPU.ActiveCfg = Debug|Any CPU
		{C1CBFBE0-5498-4F59-9354-3983652D356F}.Debug|Any CPU.Build.0 = Debug|Any CPU
		{C1CBFBE0-5498-4F59-9354-3983652D356F}.Release|Any CPU.ActiveCfg = Release|Any CPU
		{C1CBFBE0-5498-4F59-9354-3983652D356F}.Release|Any CPU.Build.0 = Release|Any CPU
		{C9933CAA-ABDE-484B-86F7-A91427983BA0}.Debug|Any CPU.ActiveCfg = Debug|Any CPU
		{C9933CAA-ABDE-484B-86F7-A91427983BA0}.Debug|Any CPU.Build.0 = Debug|Any CPU
		{C9933CAA-ABDE-484B-86F7-A91427983BA0}.Release|Any CPU.ActiveCfg = Release|Any CPU
		{C9933CAA-ABDE-484B-86F7-A91427983BA0}.Release|Any CPU.Build.0 = Release|Any CPU
		{88031F07-39C0-4326-BC05-EC727ED55F5C}.Debug|Any CPU.ActiveCfg = Debug|Any CPU
		{88031F07-39C0-4326-BC05-EC727ED55F5C}.Debug|Any CPU.Build.0 = Debug|Any CPU
		{88031F07-39C0-4326-BC05-EC727ED55F5C}.Release|Any CPU.ActiveCfg = Release|Any CPU
		{88031F07-39C0-4326-BC05-EC727ED55F5C}.Release|Any CPU.Build.0 = Release|Any CPU
		{8143B246-4383-4F27-8862-AB72989BB9EF}.Debug|Any CPU.ActiveCfg = Debug|Any CPU
		{8143B246-4383-4F27-8862-AB72989BB9EF}.Debug|Any CPU.Build.0 = Debug|Any CPU
		{8143B246-4383-4F27-8862-AB72989BB9EF}.Release|Any CPU.ActiveCfg = Release|Any CPU
		{8143B246-4383-4F27-8862-AB72989BB9EF}.Release|Any CPU.Build.0 = Release|Any CPU
	EndGlobalSection
EndGlobal
